
Microsoft Visual Studio Solution File, Format Version 12.00
# Visual Studio 15
VisualStudioVersion = 15.0.28010.2041
MinimumVisualStudioVersion = 10.0.40219.1
Project("{FAE04EC0-301F-11D3-BF4B-00C04F79EFBC}") = "PianificazioneFrm", "PianificazioneFrm\PianificazioneFrm.csproj", "{A392383E-D0F9-4B6A-B422-3B40B530A5F0}"
EndProject
Project("{FAE04EC0-301F-11D3-BF4B-00C04F79EFBC}") = "PianificazioneService", "PianificazioneService\PianificazioneService.csproj", "{65CAA7D1-F43C-42AD-837B-FEDDB88CAA05}"
EndProject
Project("{FAE04EC0-301F-11D3-BF4B-00C04F79EFBC}") = "Pianificazione.Service", "Pianificazione.Service\Pianificazione.Service.csproj", "{68BE4434-09AA-4E0B-AAFD-2FC07DBD9DA5}"
EndProject
Project("{FAE04EC0-301F-11D3-BF4B-00C04F79EFBC}") = "ScheduleService", "ScheduleService\ScheduleService.csproj", "{296866CD-5A56-43C9-9A9F-5CED460403BF}"
EndProject
Project("{FAE04EC0-301F-11D3-BF4B-00C04F79EFBC}") = "Pianificazione.Entities", "Pianificazione.Entities\Pianificazione.Entities.csproj", "{815F39CD-FC6B-4A2B-8CE9-C3739CE3ABD0}"
EndProject
Project("{FAE04EC0-301F-11D3-BF4B-00C04F79EFBC}") = "Pianificazione.Data", "Pianificazione.Data\Pianificazione.Data.csproj", "{773691B5-FA74-45B2-B8FB-CE360970C644}"
EndProject
Project("{FAE04EC0-301F-11D3-BF4B-00C04F79EFBC}") = "PrioritaFrm", "PrioritaFrm\PrioritaFrm.csproj", "{C61E98A7-AACF-432C-A45A-C7AD6FFADD50}"
EndProject
Project("{FAE04EC0-301F-11D3-BF4B-00C04F79EFBC}") = "Priorita.Entities", "Priorita.Entities\Priorita.Entities.csproj", "{80D41874-0DB6-4FD5-AE9E-26E0EBFE8FE7}"
EndProject
Project("{FAE04EC0-301F-11D3-BF4B-00C04F79EFBC}") = "Priorita.Data", "Priorita.Data\Priorita.Data.csproj", "{4C7807FB-62A5-445E-8BDD-6B9ED5B6BF30}"
EndProject
Global
	GlobalSection(SolutionConfigurationPlatforms) = preSolution
		Debug|Any CPU = Debug|Any CPU
		Release|Any CPU = Release|Any CPU
	EndGlobalSection
	GlobalSection(ProjectConfigurationPlatforms) = postSolution
		{A392383E-D0F9-4B6A-B422-3B40B530A5F0}.Debug|Any CPU.ActiveCfg = Debug|Any CPU
		{A392383E-D0F9-4B6A-B422-3B40B530A5F0}.Debug|Any CPU.Build.0 = Debug|Any CPU
		{A392383E-D0F9-4B6A-B422-3B40B530A5F0}.Release|Any CPU.ActiveCfg = Release|Any CPU
		{A392383E-D0F9-4B6A-B422-3B40B530A5F0}.Release|Any CPU.Build.0 = Release|Any CPU
		{65CAA7D1-F43C-42AD-837B-FEDDB88CAA05}.Debug|Any CPU.ActiveCfg = Debug|Any CPU
		{65CAA7D1-F43C-42AD-837B-FEDDB88CAA05}.Debug|Any CPU.Build.0 = Debug|Any CPU
		{65CAA7D1-F43C-42AD-837B-FEDDB88CAA05}.Release|Any CPU.ActiveCfg = Release|Any CPU
		{65CAA7D1-F43C-42AD-837B-FEDDB88CAA05}.Release|Any CPU.Build.0 = Release|Any CPU
		{68BE4434-09AA-4E0B-AAFD-2FC07DBD9DA5}.Debug|Any CPU.ActiveCfg = Debug|Any CPU
		{68BE4434-09AA-4E0B-AAFD-2FC07DBD9DA5}.Debug|Any CPU.Build.0 = Debug|Any CPU
		{68BE4434-09AA-4E0B-AAFD-2FC07DBD9DA5}.Release|Any CPU.ActiveCfg = Release|Any CPU
		{68BE4434-09AA-4E0B-AAFD-2FC07DBD9DA5}.Release|Any CPU.Build.0 = Release|Any CPU
		{296866CD-5A56-43C9-9A9F-5CED460403BF}.Debug|Any CPU.ActiveCfg = Debug|Any CPU
		{296866CD-5A56-43C9-9A9F-5CED460403BF}.Debug|Any CPU.Build.0 = Debug|Any CPU
		{296866CD-5A56-43C9-9A9F-5CED460403BF}.Release|Any CPU.ActiveCfg = Release|Any CPU
		{296866CD-5A56-43C9-9A9F-5CED460403BF}.Release|Any CPU.Build.0 = Release|Any CPU
		{815F39CD-FC6B-4A2B-8CE9-C3739CE3ABD0}.Debug|Any CPU.ActiveCfg = Debug|Any CPU
		{815F39CD-FC6B-4A2B-8CE9-C3739CE3ABD0}.Debug|Any CPU.Build.0 = Debug|Any CPU
		{815F39CD-FC6B-4A2B-8CE9-C3739CE3ABD0}.Release|Any CPU.ActiveCfg = Release|Any CPU
		{815F39CD-FC6B-4A2B-8CE9-C3739CE3ABD0}.Release|Any CPU.Build.0 = Release|Any CPU
		{773691B5-FA74-45B2-B8FB-CE360970C644}.Debug|Any CPU.ActiveCfg = Debug|Any CPU
		{773691B5-FA74-45B2-B8FB-CE360970C644}.Debug|Any CPU.Build.0 = Debug|Any CPU
		{773691B5-FA74-45B2-B8FB-CE360970C644}.Release|Any CPU.ActiveCfg = Release|Any CPU
		{773691B5-FA74-45B2-B8FB-CE360970C644}.Release|Any CPU.Build.0 = Release|Any CPU
		{C61E98A7-AACF-432C-A45A-C7AD6FFADD50}.Debug|Any CPU.ActiveCfg = Debug|Any CPU
		{C61E98A7-AACF-432C-A45A-C7AD6FFADD50}.Debug|Any CPU.Build.0 = Debug|Any CPU
		{C61E98A7-AACF-432C-A45A-C7AD6FFADD50}.Release|Any CPU.ActiveCfg = Release|Any CPU
		{C61E98A7-AACF-432C-A45A-C7AD6FFADD50}.Release|Any CPU.Build.0 = Release|Any CPU
		{80D41874-0DB6-4FD5-AE9E-26E0EBFE8FE7}.Debug|Any CPU.ActiveCfg = Debug|Any CPU
		{80D41874-0DB6-4FD5-AE9E-26E0EBFE8FE7}.Debug|Any CPU.Build.0 = Debug|Any CPU
		{80D41874-0DB6-4FD5-AE9E-26E0EBFE8FE7}.Release|Any CPU.ActiveCfg = Release|Any CPU
		{80D41874-0DB6-4FD5-AE9E-26E0EBFE8FE7}.Release|Any CPU.Build.0 = Release|Any CPU
		{4C7807FB-62A5-445E-8BDD-6B9ED5B6BF30}.Debug|Any CPU.ActiveCfg = Debug|Any CPU
		{4C7807FB-62A5-445E-8BDD-6B9ED5B6BF30}.Debug|Any CPU.Build.0 = Debug|Any CPU
		{4C7807FB-62A5-445E-8BDD-6B9ED5B6BF30}.Release|Any CPU.ActiveCfg = Release|Any CPU
		{4C7807FB-62A5-445E-8BDD-6B9ED5B6BF30}.Release|Any CPU.Build.0 = Release|Any CPU
	EndGlobalSection
	GlobalSection(SolutionProperties) = preSolution
		HideSolutionNode = FALSE
	EndGlobalSection
	GlobalSection(ExtensibilityGlobals) = postSolution
		SolutionGuid = {9634763E-4146-431C-A746-C656F71C46A0}
	EndGlobalSection
EndGlobal
